
Microsoft Visual Studio Solution File, Format Version 12.00
# Visual Studio Version 17
VisualStudioVersion = 17.4.33213.308
MinimumVisualStudioVersion = 10.0.40219.1
Project("{2150E333-8FDC-42A3-9474-1A3956D46DE8}") = "Infrastructure", "Infrastructure", "{B866E806-15CB-4BFE-B293-1D82D74F0739}"
EndProject
Project("{2150E333-8FDC-42A3-9474-1A3956D46DE8}") = "Modules", "Modules", "{C89848FE-5687-49D0-A528-B439C4DC5376}"
EndProject
Project("{9A19103F-16F7-4668-BE54-9A1E7A4F7556}") = "MyPersonality.Api", "MyPersonality.Api\MyPersonality.Api.csproj", "{45358FD8-6452-41FB-9B69-976A83E92BBF}"
EndProject
Project("{2150E333-8FDC-42A3-9474-1A3956D46DE8}") = "Identity", "Identity", "{C1FCC212-E946-4E86-86CF-F1A8D08645F8}"
EndProject
Project("{2150E333-8FDC-42A3-9474-1A3956D46DE8}") = "Quizzes", "Quizzes", "{1C93006C-12D9-45C5-B210-5155AA45C149}"
EndProject
Project("{9A19103F-16F7-4668-BE54-9A1E7A4F7556}") = "MyPersonality.Infrastructure", "Infrastructure\MyPersonality.Infrastructure\MyPersonality.Infrastructure.csproj", "{061CD6F7-989B-4886-9129-0584CFDD294F}"
EndProject
Project("{9A19103F-16F7-4668-BE54-9A1E7A4F7556}") = "MyPersonality.IntegrationEvents", "Infrastructure\MyPersonality.IntegrationEvents\MyPersonality.IntegrationEvents.csproj", "{1F42B096-52A2-49C3-A04F-B68046DBA40D}"
EndProject
Project("{2150E333-8FDC-42A3-9474-1A3956D46DE8}") = "PrimaryPorts", "PrimaryPorts", "{88FD1ED7-5C9C-4F59-B17E-938BAED6C5FB}"
EndProject
Project("{2150E333-8FDC-42A3-9474-1A3956D46DE8}") = "PrimaryPorts", "PrimaryPorts", "{B20C92A6-4938-43E8-8AFC-5CBFC2AF937C}"
EndProject
Project("{2150E333-8FDC-42A3-9474-1A3956D46DE8}") = "SecondaryPorts", "SecondaryPorts", "{1998349B-CA27-4E9B-BFD8-9AF7620EB3E9}"
EndProject
Project("{2150E333-8FDC-42A3-9474-1A3956D46DE8}") = "SecondaryPorts", "SecondaryPorts", "{E4642AF7-39F6-4746-A4FD-327216D0D1D8}"
EndProject
Project("{9A19103F-16F7-4668-BE54-9A1E7A4F7556}") = "MyPersonality.Quizzes.Application", "Modules\Quizzes\MyPersonality.Quizzes.Application\MyPersonality.Quizzes.Application.csproj", "{EE18A5B3-1A6E-4ADD-85A1-070C03BC17FB}"
EndProject
Project("{9A19103F-16F7-4668-BE54-9A1E7A4F7556}") = "MyPersonality.Quizzes.Bootstrap", "Modules\Quizzes\MyPersonality.Quizzes.Bootstrap\MyPersonality.Quizzes.Bootstrap.csproj", "{68E2BF75-63AD-4915-B90E-4E1369CE8FA1}"
EndProject
Project("{9A19103F-16F7-4668-BE54-9A1E7A4F7556}") = "MyPersonality.Quizzes.Domain", "Modules\Quizzes\MyPersonality.Quizzes.Domain\MyPersonality.Quizzes.Domain.csproj", "{724DA1EB-790E-4C96-B735-E1DEFCEF6BAB}"
EndProject
Project("{9A19103F-16F7-4668-BE54-9A1E7A4F7556}") = "MyPersonality.Quizzes.Api", "Modules\Quizzes\MyPersonality.Quizzes.Api\MyPersonality.Quizzes.Api.csproj", "{4533F7D5-BF31-449A-8D83-4AF86F3C069B}"
EndProject
Project("{9A19103F-16F7-4668-BE54-9A1E7A4F7556}") = "MyPersonality.Quizzes.Consumers", "Modules\Quizzes\MyPersonality.Quizzes.Consumers\MyPersonality.Quizzes.Consumers.csproj", "{D4665310-CFEC-4666-B9EC-B605F011CCC7}"
EndProject
Project("{9A19103F-16F7-4668-BE54-9A1E7A4F7556}") = "MyPersonality.Quizzes.DataAccess.Adapters", "Modules\Quizzes\MyPersonality.Quizzes.DataAccess.Adapters\MyPersonality.Quizzes.DataAccess.Adapters.csproj", "{3325DD45-073B-4AE1-B37C-167F98CB3291}"
EndProject
Project("{9A19103F-16F7-4668-BE54-9A1E7A4F7556}") = "MyPersonality.Quizzes.Interop", "Modules\Quizzes\MyPersonality.Quizzes.Interop\MyPersonality.Quizzes.Interop.csproj", "{21C939F2-D7EC-45DF-AEFA-79C83F958EB1}"
EndProject
Project("{9A19103F-16F7-4668-BE54-9A1E7A4F7556}") = "MyPersonality.Identity.Application", "Modules\Identity\MyPersonality.Identity.Application\MyPersonality.Identity.Application.csproj", "{EC4853C6-9452-4C44-8EED-0194C2411FDF}"
EndProject
Project("{9A19103F-16F7-4668-BE54-9A1E7A4F7556}") = "MyPersonality.Identity.Bootstrap", "Modules\Identity\MyPersonality.Identity.Bootstrap\MyPersonality.Identity.Bootstrap.csproj", "{2CAC6A5C-CB26-4117-B7E9-B07B790CF88B}"
EndProject
Project("{9A19103F-16F7-4668-BE54-9A1E7A4F7556}") = "MyPersonality.Identity.Domain", "Modules\Identity\MyPersonality.Identity.Domain\MyPersonality.Identity.Domain.csproj", "{0F6422F8-1669-4342-AC5A-83413618096B}"
EndProject
Project("{9A19103F-16F7-4668-BE54-9A1E7A4F7556}") = "MyPersonality.Identity.Tests", "Modules\Identity\MyPersonality.Identity.Tests\MyPersonality.Identity.Tests.csproj", "{2E3A2A98-1E5C-4704-BB74-9FE45073A15C}"
EndProject
Project("{9A19103F-16F7-4668-BE54-9A1E7A4F7556}") = "MyPersonality.Identity.Api", "Modules\Identity\MyPersonality.Identity.Api\MyPersonality.Identity.Api.csproj", "{F348F15E-7ED5-4787-BBDA-CA19B6E37BDA}"
EndProject
Project("{9A19103F-16F7-4668-BE54-9A1E7A4F7556}") = "MyPersonality.Identity.DataAccess.Adapters", "Modules\Identity\MyPersonality.Identity.DataAccess.Adapters\MyPersonality.Identity.DataAccess.Adapters.csproj", "{263179E8-F6E1-429C-AB02-EBDE837A4A7C}"
EndProject
Project("{9A19103F-16F7-4668-BE54-9A1E7A4F7556}") = "MyPersonality.Identity.Interop", "Modules\Identity\MyPersonality.Identity.Interop\MyPersonality.Identity.Interop.csproj", "{EBAD85ED-0474-44E4-AFD2-2FE76C02AA78}"
EndProject
Project("{9A19103F-16F7-4668-BE54-9A1E7A4F7556}") = "MyPersonality.Quizzes.Tests", "Modules\Quizzes\MyPersonality.Quizzes.Tests\MyPersonality.Quizzes.Tests.csproj", "{173B35EE-BA37-4471-B418-2FBB25CDD990}"
EndProject
Project("{9A19103F-16F7-4668-BE54-9A1E7A4F7556}") = "MyPersonality.ApiGateway", "MyPersonality.ApiGateway\MyPersonality.ApiGateway.csproj", "{C6D6BA83-1923-4CCE-94FC-5CB31AFF018D}"
EndProject
Project("{9A19103F-16F7-4668-BE54-9A1E7A4F7556}") = "MyPersonality.ApiGateway.Aggregator", "MyPersonality.ApiGateway.Aggregator\MyPersonality.ApiGateway.Aggregator.csproj", "{2DC56883-250E-4FD2-BFF0-52BD8909FF4D}"
EndProject
Project("{FAE04EC0-301F-11D3-BF4B-00C04F79EFBC}") = "MyPersonality.Identity.Consumers", "Modules\Identity\MyPersonality.Identity.Consumers\MyPersonality.Identity.Consumers.csproj", "{28BC774C-F210-4D04-8196-7F0658C1BEA0}"
EndProject
Global
	GlobalSection(SolutionConfigurationPlatforms) = preSolution
		Debug|Any CPU = Debug|Any CPU
		Release|Any CPU = Release|Any CPU
	EndGlobalSection
	GlobalSection(ProjectConfigurationPlatforms) = postSolution
		{45358FD8-6452-41FB-9B69-976A83E92BBF}.Debug|Any CPU.ActiveCfg = Debug|Any CPU
		{45358FD8-6452-41FB-9B69-976A83E92BBF}.Debug|Any CPU.Build.0 = Debug|Any CPU
		{45358FD8-6452-41FB-9B69-976A83E92BBF}.Release|Any CPU.ActiveCfg = Release|Any CPU
		{45358FD8-6452-41FB-9B69-976A83E92BBF}.Release|Any CPU.Build.0 = Release|Any CPU
		{061CD6F7-989B-4886-9129-0584CFDD294F}.Debug|Any CPU.ActiveCfg = Debug|Any CPU
		{061CD6F7-989B-4886-9129-0584CFDD294F}.Debug|Any CPU.Build.0 = Debug|Any CPU
		{061CD6F7-989B-4886-9129-0584CFDD294F}.Release|Any CPU.ActiveCfg = Release|Any CPU
		{061CD6F7-989B-4886-9129-0584CFDD294F}.Release|Any CPU.Build.0 = Release|Any CPU
		{1F42B096-52A2-49C3-A04F-B68046DBA40D}.Debug|Any CPU.ActiveCfg = Debug|Any CPU
		{1F42B096-52A2-49C3-A04F-B68046DBA40D}.Debug|Any CPU.Build.0 = Debug|Any CPU
		{1F42B096-52A2-49C3-A04F-B68046DBA40D}.Release|Any CPU.ActiveCfg = Release|Any CPU
		{1F42B096-52A2-49C3-A04F-B68046DBA40D}.Release|Any CPU.Build.0 = Release|Any CPU
		{EE18A5B3-1A6E-4ADD-85A1-070C03BC17FB}.Debug|Any CPU.ActiveCfg = Debug|Any CPU
		{EE18A5B3-1A6E-4ADD-85A1-070C03BC17FB}.Debug|Any CPU.Build.0 = Debug|Any CPU
		{EE18A5B3-1A6E-4ADD-85A1-070C03BC17FB}.Release|Any CPU.ActiveCfg = Release|Any CPU
		{EE18A5B3-1A6E-4ADD-85A1-070C03BC17FB}.Release|Any CPU.Build.0 = Release|Any CPU
		{68E2BF75-63AD-4915-B90E-4E1369CE8FA1}.Debug|Any CPU.ActiveCfg = Debug|Any CPU
		{68E2BF75-63AD-4915-B90E-4E1369CE8FA1}.Debug|Any CPU.Build.0 = Debug|Any CPU
		{68E2BF75-63AD-4915-B90E-4E1369CE8FA1}.Release|Any CPU.ActiveCfg = Release|Any CPU
		{68E2BF75-63AD-4915-B90E-4E1369CE8FA1}.Release|Any CPU.Build.0 = Release|Any CPU
		{724DA1EB-790E-4C96-B735-E1DEFCEF6BAB}.Debug|Any CPU.ActiveCfg = Debug|Any CPU
		{724DA1EB-790E-4C96-B735-E1DEFCEF6BAB}.Debug|Any CPU.Build.0 = Debug|Any CPU
		{724DA1EB-790E-4C96-B735-E1DEFCEF6BAB}.Release|Any CPU.ActiveCfg = Release|Any CPU
		{724DA1EB-790E-4C96-B735-E1DEFCEF6BAB}.Release|Any CPU.Build.0 = Release|Any CPU
		{4533F7D5-BF31-449A-8D83-4AF86F3C069B}.Debug|Any CPU.ActiveCfg = Debug|Any CPU
		{4533F7D5-BF31-449A-8D83-4AF86F3C069B}.Debug|Any CPU.Build.0 = Debug|Any CPU
		{4533F7D5-BF31-449A-8D83-4AF86F3C069B}.Release|Any CPU.ActiveCfg = Release|Any CPU
		{4533F7D5-BF31-449A-8D83-4AF86F3C069B}.Release|Any CPU.Build.0 = Release|Any CPU
		{D4665310-CFEC-4666-B9EC-B605F011CCC7}.Debug|Any CPU.ActiveCfg = Debug|Any CPU
		{D4665310-CFEC-4666-B9EC-B605F011CCC7}.Debug|Any CPU.Build.0 = Debug|Any CPU
		{D4665310-CFEC-4666-B9EC-B605F011CCC7}.Release|Any CPU.ActiveCfg = Release|Any CPU
		{D4665310-CFEC-4666-B9EC-B605F011CCC7}.Release|Any CPU.Build.0 = Release|Any CPU
		{3325DD45-073B-4AE1-B37C-167F98CB3291}.Debug|Any CPU.ActiveCfg = Debug|Any CPU
		{3325DD45-073B-4AE1-B37C-167F98CB3291}.Debug|Any CPU.Build.0 = Debug|Any CPU
		{3325DD45-073B-4AE1-B37C-167F98CB3291}.Release|Any CPU.ActiveCfg = Release|Any CPU
		{3325DD45-073B-4AE1-B37C-167F98CB3291}.Release|Any CPU.Build.0 = Release|Any CPU
		{21C939F2-D7EC-45DF-AEFA-79C83F958EB1}.Debug|Any CPU.ActiveCfg = Debug|Any CPU
		{21C939F2-D7EC-45DF-AEFA-79C83F958EB1}.Debug|Any CPU.Build.0 = Debug|Any CPU
		{21C939F2-D7EC-45DF-AEFA-79C83F958EB1}.Release|Any CPU.ActiveCfg = Release|Any CPU
		{21C939F2-D7EC-45DF-AEFA-79C83F958EB1}.Release|Any CPU.Build.0 = Release|Any CPU
		{EC4853C6-9452-4C44-8EED-0194C2411FDF}.Debug|Any CPU.ActiveCfg = Debug|Any CPU
		{EC4853C6-9452-4C44-8EED-0194C2411FDF}.Debug|Any CPU.Build.0 = Debug|Any CPU
		{EC4853C6-9452-4C44-8EED-0194C2411FDF}.Release|Any CPU.ActiveCfg = Release|Any CPU
		{EC4853C6-9452-4C44-8EED-0194C2411FDF}.Release|Any CPU.Build.0 = Release|Any CPU
		{2CAC6A5C-CB26-4117-B7E9-B07B790CF88B}.Debug|Any CPU.ActiveCfg = Debug|Any CPU
		{2CAC6A5C-CB26-4117-B7E9-B07B790CF88B}.Debug|Any CPU.Build.0 = Debug|Any CPU
		{2CAC6A5C-CB26-4117-B7E9-B07B790CF88B}.Release|Any CPU.ActiveCfg = Release|Any CPU
		{2CAC6A5C-CB26-4117-B7E9-B07B790CF88B}.Release|Any CPU.Build.0 = Release|Any CPU
		{0F6422F8-1669-4342-AC5A-83413618096B}.Debug|Any CPU.ActiveCfg = Debug|Any CPU
		{0F6422F8-1669-4342-AC5A-83413618096B}.Debug|Any CPU.Build.0 = Debug|Any CPU
		{0F6422F8-1669-4342-AC5A-83413618096B}.Release|Any CPU.ActiveCfg = Release|Any CPU
		{0F6422F8-1669-4342-AC5A-83413618096B}.Release|Any CPU.Build.0 = Release|Any CPU
		{2E3A2A98-1E5C-4704-BB74-9FE45073A15C}.Debug|Any CPU.ActiveCfg = Debug|Any CPU
		{2E3A2A98-1E5C-4704-BB74-9FE45073A15C}.Debug|Any CPU.Build.0 = Debug|Any CPU
		{2E3A2A98-1E5C-4704-BB74-9FE45073A15C}.Release|Any CPU.ActiveCfg = Release|Any CPU
		{2E3A2A98-1E5C-4704-BB74-9FE45073A15C}.Release|Any CPU.Build.0 = Release|Any CPU
		{F348F15E-7ED5-4787-BBDA-CA19B6E37BDA}.Debug|Any CPU.ActiveCfg = Debug|Any CPU
		{F348F15E-7ED5-4787-BBDA-CA19B6E37BDA}.Debug|Any CPU.Build.0 = Debug|Any CPU
		{F348F15E-7ED5-4787-BBDA-CA19B6E37BDA}.Release|Any CPU.ActiveCfg = Release|Any CPU
		{F348F15E-7ED5-4787-BBDA-CA19B6E37BDA}.Release|Any CPU.Build.0 = Release|Any CPU
		{263179E8-F6E1-429C-AB02-EBDE837A4A7C}.Debug|Any CPU.ActiveCfg = Debug|Any CPU
		{263179E8-F6E1-429C-AB02-EBDE837A4A7C}.Debug|Any CPU.Build.0 = Debug|Any CPU
		{263179E8-F6E1-429C-AB02-EBDE837A4A7C}.Release|Any CPU.ActiveCfg = Release|Any CPU
		{263179E8-F6E1-429C-AB02-EBDE837A4A7C}.Release|Any CPU.Build.0 = Release|Any CPU
		{EBAD85ED-0474-44E4-AFD2-2FE76C02AA78}.Debug|Any CPU.ActiveCfg = Debug|Any CPU
		{EBAD85ED-0474-44E4-AFD2-2FE76C02AA78}.Debug|Any CPU.Build.0 = Debug|Any CPU
		{EBAD85ED-0474-44E4-AFD2-2FE76C02AA78}.Release|Any CPU.ActiveCfg = Release|Any CPU
		{EBAD85ED-0474-44E4-AFD2-2FE76C02AA78}.Release|Any CPU.Build.0 = Release|Any CPU
		{173B35EE-BA37-4471-B418-2FBB25CDD990}.Debug|Any CPU.ActiveCfg = Debug|Any CPU
		{173B35EE-BA37-4471-B418-2FBB25CDD990}.Debug|Any CPU.Build.0 = Debug|Any CPU
		{173B35EE-BA37-4471-B418-2FBB25CDD990}.Release|Any CPU.ActiveCfg = Release|Any CPU
		{173B35EE-BA37-4471-B418-2FBB25CDD990}.Release|Any CPU.Build.0 = Release|Any CPU
		{C6D6BA83-1923-4CCE-94FC-5CB31AFF018D}.Debug|Any CPU.ActiveCfg = Debug|Any CPU
		{C6D6BA83-1923-4CCE-94FC-5CB31AFF018D}.Debug|Any CPU.Build.0 = Debug|Any CPU
		{C6D6BA83-1923-4CCE-94FC-5CB31AFF018D}.Release|Any CPU.ActiveCfg = Release|Any CPU
		{C6D6BA83-1923-4CCE-94FC-5CB31AFF018D}.Release|Any CPU.Build.0 = Release|Any CPU
		{2DC56883-250E-4FD2-BFF0-52BD8909FF4D}.Debug|Any CPU.ActiveCfg = Debug|Any CPU
		{2DC56883-250E-4FD2-BFF0-52BD8909FF4D}.Debug|Any CPU.Build.0 = Debug|Any CPU
		{2DC56883-250E-4FD2-BFF0-52BD8909FF4D}.Release|Any CPU.ActiveCfg = Release|Any CPU
		{2DC56883-250E-4FD2-BFF0-52BD8909FF4D}.Release|Any CPU.Build.0 = Release|Any CPU
		{28BC774C-F210-4D04-8196-7F0658C1BEA0}.Debug|Any CPU.ActiveCfg = Debug|Any CPU
		{28BC774C-F210-4D04-8196-7F0658C1BEA0}.Debug|Any CPU.Build.0 = Debug|Any CPU
		{28BC774C-F210-4D04-8196-7F0658C1BEA0}.Release|Any CPU.ActiveCfg = Release|Any CPU
		{28BC774C-F210-4D04-8196-7F0658C1BEA0}.Release|Any CPU.Build.0 = Release|Any CPU
	EndGlobalSection
	GlobalSection(SolutionProperties) = preSolution
		HideSolutionNode = FALSE
	EndGlobalSection
	GlobalSection(NestedProjects) = preSolution
		{C1FCC212-E946-4E86-86CF-F1A8D08645F8} = {C89848FE-5687-49D0-A528-B439C4DC5376}
		{1C93006C-12D9-45C5-B210-5155AA45C149} = {C89848FE-5687-49D0-A528-B439C4DC5376}
		{061CD6F7-989B-4886-9129-0584CFDD294F} = {B866E806-15CB-4BFE-B293-1D82D74F0739}
		{1F42B096-52A2-49C3-A04F-B68046DBA40D} = {B866E806-15CB-4BFE-B293-1D82D74F0739}
		{88FD1ED7-5C9C-4F59-B17E-938BAED6C5FB} = {1C93006C-12D9-45C5-B210-5155AA45C149}
		{B20C92A6-4938-43E8-8AFC-5CBFC2AF937C} = {C1FCC212-E946-4E86-86CF-F1A8D08645F8}
		{1998349B-CA27-4E9B-BFD8-9AF7620EB3E9} = {1C93006C-12D9-45C5-B210-5155AA45C149}
		{E4642AF7-39F6-4746-A4FD-327216D0D1D8} = {C1FCC212-E946-4E86-86CF-F1A8D08645F8}
		{EE18A5B3-1A6E-4ADD-85A1-070C03BC17FB} = {1C93006C-12D9-45C5-B210-5155AA45C149}
		{68E2BF75-63AD-4915-B90E-4E1369CE8FA1} = {1C93006C-12D9-45C5-B210-5155AA45C149}
		{724DA1EB-790E-4C96-B735-E1DEFCEF6BAB} = {1C93006C-12D9-45C5-B210-5155AA45C149}
		{4533F7D5-BF31-449A-8D83-4AF86F3C069B} = {88FD1ED7-5C9C-4F59-B17E-938BAED6C5FB}
		{D4665310-CFEC-4666-B9EC-B605F011CCC7} = {88FD1ED7-5C9C-4F59-B17E-938BAED6C5FB}
		{3325DD45-073B-4AE1-B37C-167F98CB3291} = {1998349B-CA27-4E9B-BFD8-9AF7620EB3E9}
		{21C939F2-D7EC-45DF-AEFA-79C83F958EB1} = {1998349B-CA27-4E9B-BFD8-9AF7620EB3E9}
		{EC4853C6-9452-4C44-8EED-0194C2411FDF} = {C1FCC212-E946-4E86-86CF-F1A8D08645F8}
		{2CAC6A5C-CB26-4117-B7E9-B07B790CF88B} = {C1FCC212-E946-4E86-86CF-F1A8D08645F8}
		{0F6422F8-1669-4342-AC5A-83413618096B} = {C1FCC212-E946-4E86-86CF-F1A8D08645F8}
		{2E3A2A98-1E5C-4704-BB74-9FE45073A15C} = {C1FCC212-E946-4E86-86CF-F1A8D08645F8}
		{F348F15E-7ED5-4787-BBDA-CA19B6E37BDA} = {B20C92A6-4938-43E8-8AFC-5CBFC2AF937C}
		{263179E8-F6E1-429C-AB02-EBDE837A4A7C} = {E4642AF7-39F6-4746-A4FD-327216D0D1D8}
		{EBAD85ED-0474-44E4-AFD2-2FE76C02AA78} = {E4642AF7-39F6-4746-A4FD-327216D0D1D8}
		{173B35EE-BA37-4471-B418-2FBB25CDD990} = {1C93006C-12D9-45C5-B210-5155AA45C149}
		{28BC774C-F210-4D04-8196-7F0658C1BEA0} = {B20C92A6-4938-43E8-8AFC-5CBFC2AF937C}
	EndGlobalSection
	GlobalSection(ExtensibilityGlobals) = postSolution
		SolutionGuid = {687EBA10-5F16-4A30-9B50-AA08C7C0CB3D}
	EndGlobalSection
EndGlobal
